// !$*UTF8*$!
{
	archiveVersion = 1;
	classes = {
	};
	objectVersion = 50;
	objects = {

/* Begin PBXBuildFile section */
		BF69F48E25CF021C007052E4 /* Converters.swift in Sources */ = {isa = PBXBuildFile; fileRef = BF69F48D25CF021C007052E4 /* Converters.swift */; };
		BF69F48F25CF021C007052E4 /* Converters.swift in Sources */ = {isa = PBXBuildFile; fileRef = BF69F48D25CF021C007052E4 /* Converters.swift */; };
		BFA8D74E25D002030065D2E9 /* KeyPad.swift in Sources */ = {isa = PBXBuildFile; fileRef = BFA8D74D25D002030065D2E9 /* KeyPad.swift */; };
		BFA8D74F25D002030065D2E9 /* KeyPad.swift in Sources */ = {isa = PBXBuildFile; fileRef = BFA8D74D25D002030065D2E9 /* KeyPad.swift */; };
		BFA8D75525D002350065D2E9 /* KeyPadButton.swift in Sources */ = {isa = PBXBuildFile; fileRef = BFA8D75425D002350065D2E9 /* KeyPadButton.swift */; };
		BFA8D75625D002350065D2E9 /* KeyPadButton.swift in Sources */ = {isa = PBXBuildFile; fileRef = BFA8D75425D002350065D2E9 /* KeyPadButton.swift */; };
		BFB3716F25CB35130082F5B1 /* Tests_iOS.swift in Sources */ = {isa = PBXBuildFile; fileRef = BFB3716E25CB35130082F5B1 /* Tests_iOS.swift */; };
		BFB3717A25CB35130082F5B1 /* Tests_macOS.swift in Sources */ = {isa = PBXBuildFile; fileRef = BFB3717925CB35130082F5B1 /* Tests_macOS.swift */; };
		BFB3717C25CB35130082F5B1 /* Cistercian_NumeralsApp.swift in Sources */ = {isa = PBXBuildFile; fileRef = BFB3715325CB35110082F5B1 /* Cistercian_NumeralsApp.swift */; };
		BFB3717D25CB35130082F5B1 /* Cistercian_NumeralsApp.swift in Sources */ = {isa = PBXBuildFile; fileRef = BFB3715325CB35110082F5B1 /* Cistercian_NumeralsApp.swift */; };
		BFB3717E25CB35130082F5B1 /* ContentView.swift in Sources */ = {isa = PBXBuildFile; fileRef = BFB3715425CB35110082F5B1 /* ContentView.swift */; };
		BFB3717F25CB35130082F5B1 /* ContentView.swift in Sources */ = {isa = PBXBuildFile; fileRef = BFB3715425CB35110082F5B1 /* ContentView.swift */; };
		BFB3718025CB35130082F5B1 /* Assets.xcassets in Resources */ = {isa = PBXBuildFile; fileRef = BFB3715525CB35130082F5B1 /* Assets.xcassets */; };
		BFB3718125CB35130082F5B1 /* Assets.xcassets in Resources */ = {isa = PBXBuildFile; fileRef = BFB3715525CB35130082F5B1 /* Assets.xcassets */; };
/* End PBXBuildFile section */

/* Begin PBXContainerItemProxy section */
		BFB3716B25CB35130082F5B1 /* PBXContainerItemProxy */ = {
			isa = PBXContainerItemProxy;
			containerPortal = BFB3714E25CB35110082F5B1 /* Project object */;
			proxyType = 1;
			remoteGlobalIDString = BFB3715925CB35130082F5B1;
			remoteInfo = "Cistercian Numerals (iOS)";
		};
		BFB3717625CB35130082F5B1 /* PBXContainerItemProxy */ = {
			isa = PBXContainerItemProxy;
			containerPortal = BFB3714E25CB35110082F5B1 /* Project object */;
			proxyType = 1;
			remoteGlobalIDString = BFB3716125CB35130082F5B1;
			remoteInfo = "Cistercian Numerals (macOS)";
		};
/* End PBXContainerItemProxy section */

/* Begin PBXFileReference section */
		BF69F48D25CF021C007052E4 /* Converters.swift */ = {isa = PBXFileReference; lastKnownFileType = sourcecode.swift; path = Converters.swift; sourceTree = "<group>"; };
		BF981AC525CBDA34007F600C /* MyPlayground.playground */ = {isa = PBXFileReference; lastKnownFileType = file.playground; name = MyPlayground.playground; path = Playgrounds/MyPlayground.playground; sourceTree = SOURCE_ROOT; xcLanguageSpecificationIdentifier = xcode.lang.swift; };
		BFA8D74D25D002030065D2E9 /* KeyPad.swift */ = {isa = PBXFileReference; lastKnownFileType = sourcecode.swift; path = KeyPad.swift; sourceTree = "<group>"; };
		BFA8D75425D002350065D2E9 /* KeyPadButton.swift */ = {isa = PBXFileReference; lastKnownFileType = sourcecode.swift; path = KeyPadButton.swift; sourceTree = "<group>"; };
		BFB3715325CB35110082F5B1 /* Cistercian_NumeralsApp.swift */ = {isa = PBXFileReference; lastKnownFileType = sourcecode.swift; path = Cistercian_NumeralsApp.swift; sourceTree = "<group>"; };
		BFB3715425CB35110082F5B1 /* ContentView.swift */ = {isa = PBXFileReference; lastKnownFileType = sourcecode.swift; path = ContentView.swift; sourceTree = "<group>"; };
		BFB3715525CB35130082F5B1 /* Assets.xcassets */ = {isa = PBXFileReference; lastKnownFileType = folder.assetcatalog; path = Assets.xcassets; sourceTree = "<group>"; };
		BFB3715A25CB35130082F5B1 /* Cistercian Numerals.app */ = {isa = PBXFileReference; explicitFileType = wrapper.application; includeInIndex = 0; path = "Cistercian Numerals.app"; sourceTree = BUILT_PRODUCTS_DIR; };
		BFB3715D25CB35130082F5B1 /* Info.plist */ = {isa = PBXFileReference; lastKnownFileType = text.plist.xml; path = Info.plist; sourceTree = "<group>"; };
		BFB3716225CB35130082F5B1 /* Cistercian Numerals.app */ = {isa = PBXFileReference; explicitFileType = wrapper.application; includeInIndex = 0; path = "Cistercian Numerals.app"; sourceTree = BUILT_PRODUCTS_DIR; };
		BFB3716425CB35130082F5B1 /* Info.plist */ = {isa = PBXFileReference; lastKnownFileType = text.plist.xml; path = Info.plist; sourceTree = "<group>"; };
		BFB3716525CB35130082F5B1 /* macOS.entitlements */ = {isa = PBXFileReference; lastKnownFileType = text.plist.entitlements; path = macOS.entitlements; sourceTree = "<group>"; };
		BFB3716A25CB35130082F5B1 /* Tests iOS.xctest */ = {isa = PBXFileReference; explicitFileType = wrapper.cfbundle; includeInIndex = 0; path = "Tests iOS.xctest"; sourceTree = BUILT_PRODUCTS_DIR; };
		BFB3716E25CB35130082F5B1 /* Tests_iOS.swift */ = {isa = PBXFileReference; lastKnownFileType = sourcecode.swift; path = Tests_iOS.swift; sourceTree = "<group>"; };
		BFB3717025CB35130082F5B1 /* Info.plist */ = {isa = PBXFileReference; lastKnownFileType = text.plist.xml; path = Info.plist; sourceTree = "<group>"; };
		BFB3717525CB35130082F5B1 /* Tests macOS.xctest */ = {isa = PBXFileReference; explicitFileType = wrapper.cfbundle; includeInIndex = 0; path = "Tests macOS.xctest"; sourceTree = BUILT_PRODUCTS_DIR; };
		BFB3717925CB35130082F5B1 /* Tests_macOS.swift */ = {isa = PBXFileReference; lastKnownFileType = sourcecode.swift; path = Tests_macOS.swift; sourceTree = "<group>"; };
		BFB3717B25CB35130082F5B1 /* Info.plist */ = {isa = PBXFileReference; lastKnownFileType = text.plist.xml; path = Info.plist; sourceTree = "<group>"; };
/* End PBXFileReference section */

/* Begin PBXFrameworksBuildPhase section */
		BFB3715725CB35130082F5B1 /* Frameworks */ = {
			isa = PBXFrameworksBuildPhase;
			buildActionMask = 2147483647;
			files = (
			);
			runOnlyForDeploymentPostprocessing = 0;
		};
		BFB3715F25CB35130082F5B1 /* Frameworks */ = {
			isa = PBXFrameworksBuildPhase;
			buildActionMask = 2147483647;
			files = (
			);
			runOnlyForDeploymentPostprocessing = 0;
		};
		BFB3716725CB35130082F5B1 /* Frameworks */ = {
			isa = PBXFrameworksBuildPhase;
			buildActionMask = 2147483647;
			files = (
			);
			runOnlyForDeploymentPostprocessing = 0;
		};
		BFB3717225CB35130082F5B1 /* Frameworks */ = {
			isa = PBXFrameworksBuildPhase;
			buildActionMask = 2147483647;
			files = (
			);
			runOnlyForDeploymentPostprocessing = 0;
		};
/* End PBXFrameworksBuildPhase section */

/* Begin PBXGroup section */
		BFB3714D25CB35110082F5B1 = {
			isa = PBXGroup;
			children = (
				BFB3715225CB35110082F5B1 /* Shared */,
				BFB3715C25CB35130082F5B1 /* iOS */,
				BFB3716325CB35130082F5B1 /* macOS */,
				BFB3716D25CB35130082F5B1 /* Tests iOS */,
				BFB3717825CB35130082F5B1 /* Tests macOS */,
				BFB3715B25CB35130082F5B1 /* Products */,
			);
			sourceTree = "<group>";
		};
		BFB3715225CB35110082F5B1 /* Shared */ = {
			isa = PBXGroup;
			children = (
				BF981AC525CBDA34007F600C /* MyPlayground.playground */,
				BFB3715325CB35110082F5B1 /* Cistercian_NumeralsApp.swift */,
				BFB3715425CB35110082F5B1 /* ContentView.swift */,
				BFA8D74D25D002030065D2E9 /* KeyPad.swift */,
				BFA8D75425D002350065D2E9 /* KeyPadButton.swift */,
				BF69F48D25CF021C007052E4 /* Converters.swift */,
				BFB3715525CB35130082F5B1 /* Assets.xcassets */,
			);
			path = Shared;
			sourceTree = "<group>";
		};
		BFB3715B25CB35130082F5B1 /* Products */ = {
			isa = PBXGroup;
			children = (
				BFB3715A25CB35130082F5B1 /* Cistercian Numerals.app */,
				BFB3716225CB35130082F5B1 /* Cistercian Numerals.app */,
				BFB3716A25CB35130082F5B1 /* Tests iOS.xctest */,
				BFB3717525CB35130082F5B1 /* Tests macOS.xctest */,
			);
			name = Products;
			sourceTree = "<group>";
		};
		BFB3715C25CB35130082F5B1 /* iOS */ = {
			isa = PBXGroup;
			children = (
				BFB3715D25CB35130082F5B1 /* Info.plist */,
			);
			path = iOS;
			sourceTree = "<group>";
		};
		BFB3716325CB35130082F5B1 /* macOS */ = {
			isa = PBXGroup;
			children = (
				BFB3716425CB35130082F5B1 /* Info.plist */,
				BFB3716525CB35130082F5B1 /* macOS.entitlements */,
			);
			path = macOS;
			sourceTree = "<group>";
		};
		BFB3716D25CB35130082F5B1 /* Tests iOS */ = {
			isa = PBXGroup;
			children = (
				BFB3716E25CB35130082F5B1 /* Tests_iOS.swift */,
				BFB3717025CB35130082F5B1 /* Info.plist */,
			);
			path = "Tests iOS";
			sourceTree = "<group>";
		};
		BFB3717825CB35130082F5B1 /* Tests macOS */ = {
			isa = PBXGroup;
			children = (
				BFB3717925CB35130082F5B1 /* Tests_macOS.swift */,
				BFB3717B25CB35130082F5B1 /* Info.plist */,
			);
			path = "Tests macOS";
			sourceTree = "<group>";
		};
/* End PBXGroup section */

/* Begin PBXNativeTarget section */
		BFB3715925CB35130082F5B1 /* Cistercian Numerals (iOS) */ = {
			isa = PBXNativeTarget;
			buildConfigurationList = BFB3718425CB35130082F5B1 /* Build configuration list for PBXNativeTarget "Cistercian Numerals (iOS)" */;
			buildPhases = (
				BFB3715625CB35130082F5B1 /* Sources */,
				BFB3715725CB35130082F5B1 /* Frameworks */,
				BFB3715825CB35130082F5B1 /* Resources */,
			);
			buildRules = (
			);
			dependencies = (
			);
			name = "Cistercian Numerals (iOS)";
			productName = "Cistercian Numerals (iOS)";
			productReference = BFB3715A25CB35130082F5B1 /* Cistercian Numerals.app */;
			productType = "com.apple.product-type.application";
		};
		BFB3716125CB35130082F5B1 /* Cistercian Numerals (macOS) */ = {
			isa = PBXNativeTarget;
			buildConfigurationList = BFB3718725CB35130082F5B1 /* Build configuration list for PBXNativeTarget "Cistercian Numerals (macOS)" */;
			buildPhases = (
				BFB3715E25CB35130082F5B1 /* Sources */,
				BFB3715F25CB35130082F5B1 /* Frameworks */,
				BFB3716025CB35130082F5B1 /* Resources */,
			);
			buildRules = (
			);
			dependencies = (
			);
			name = "Cistercian Numerals (macOS)";
			productName = "Cistercian Numerals (macOS)";
			productReference = BFB3716225CB35130082F5B1 /* Cistercian Numerals.app */;
			productType = "com.apple.product-type.application";
		};
		BFB3716925CB35130082F5B1 /* Tests iOS */ = {
			isa = PBXNativeTarget;
			buildConfigurationList = BFB3718A25CB35130082F5B1 /* Build configuration list for PBXNativeTarget "Tests iOS" */;
			buildPhases = (
				BFB3716625CB35130082F5B1 /* Sources */,
				BFB3716725CB35130082F5B1 /* Frameworks */,
				BFB3716825CB35130082F5B1 /* Resources */,
			);
			buildRules = (
			);
			dependencies = (
				BFB3716C25CB35130082F5B1 /* PBXTargetDependency */,
			);
			name = "Tests iOS";
			productName = "Tests iOS";
			productReference = BFB3716A25CB35130082F5B1 /* Tests iOS.xctest */;
			productType = "com.apple.product-type.bundle.ui-testing";
		};
		BFB3717425CB35130082F5B1 /* Tests macOS */ = {
			isa = PBXNativeTarget;
			buildConfigurationList = BFB3718D25CB35130082F5B1 /* Build configuration list for PBXNativeTarget "Tests macOS" */;
			buildPhases = (
				BFB3717125CB35130082F5B1 /* Sources */,
				BFB3717225CB35130082F5B1 /* Frameworks */,
				BFB3717325CB35130082F5B1 /* Resources */,
			);
			buildRules = (
			);
			dependencies = (
				BFB3717725CB35130082F5B1 /* PBXTargetDependency */,
			);
			name = "Tests macOS";
			productName = "Tests macOS";
			productReference = BFB3717525CB35130082F5B1 /* Tests macOS.xctest */;
			productType = "com.apple.product-type.bundle.ui-testing";
		};
/* End PBXNativeTarget section */

/* Begin PBXProject section */
		BFB3714E25CB35110082F5B1 /* Project object */ = {
			isa = PBXProject;
			attributes = {
				LastSwiftUpdateCheck = 1240;
				LastUpgradeCheck = 1240;
				TargetAttributes = {
					BFB3715925CB35130082F5B1 = {
						CreatedOnToolsVersion = 12.4;
					};
					BFB3716125CB35130082F5B1 = {
						CreatedOnToolsVersion = 12.4;
					};
					BFB3716925CB35130082F5B1 = {
						CreatedOnToolsVersion = 12.4;
						TestTargetID = BFB3715925CB35130082F5B1;
					};
					BFB3717425CB35130082F5B1 = {
						CreatedOnToolsVersion = 12.4;
						TestTargetID = BFB3716125CB35130082F5B1;
					};
				};
			};
			buildConfigurationList = BFB3715125CB35110082F5B1 /* Build configuration list for PBXProject "Cistercian Numerals" */;
			compatibilityVersion = "Xcode 9.3";
			developmentRegion = en;
			hasScannedForEncodings = 0;
			knownRegions = (
				en,
				Base,
			);
			mainGroup = BFB3714D25CB35110082F5B1;
			productRefGroup = BFB3715B25CB35130082F5B1 /* Products */;
			projectDirPath = "";
			projectRoot = "";
			targets = (
				BFB3715925CB35130082F5B1 /* Cistercian Numerals (iOS) */,
				BFB3716125CB35130082F5B1 /* Cistercian Numerals (macOS) */,
				BFB3716925CB35130082F5B1 /* Tests iOS */,
				BFB3717425CB35130082F5B1 /* Tests macOS */,
			);
		};
/* End PBXProject section */

/* Begin PBXResourcesBuildPhase section */
		BFB3715825CB35130082F5B1 /* Resources */ = {
			isa = PBXResourcesBuildPhase;
			buildActionMask = 2147483647;
			files = (
				BFB3718025CB35130082F5B1 /* Assets.xcassets in Resources */,
			);
			runOnlyForDeploymentPostprocessing = 0;
		};
		BFB3716025CB35130082F5B1 /* Resources */ = {
			isa = PBXResourcesBuildPhase;
			buildActionMask = 2147483647;
			files = (
				BFB3718125CB35130082F5B1 /* Assets.xcassets in Resources */,
			);
			runOnlyForDeploymentPostprocessing = 0;
		};
		BFB3716825CB35130082F5B1 /* Resources */ = {
			isa = PBXResourcesBuildPhase;
			buildActionMask = 2147483647;
			files = (
			);
			runOnlyForDeploymentPostprocessing = 0;
		};
		BFB3717325CB35130082F5B1 /* Resources */ = {
			isa = PBXResourcesBuildPhase;
			buildActionMask = 2147483647;
			files = (
			);
			runOnlyForDeploymentPostprocessing = 0;
		};
/* End PBXResourcesBuildPhase section */

/* Begin PBXSourcesBuildPhase section */
		BFB3715625CB35130082F5B1 /* Sources */ = {
			isa = PBXSourcesBuildPhase;
			buildActionMask = 2147483647;
			files = (
				BFA8D74E25D002030065D2E9 /* KeyPad.swift in Sources */,
				BFA8D75525D002350065D2E9 /* KeyPadButton.swift in Sources */,
				BFB3717E25CB35130082F5B1 /* ContentView.swift in Sources */,
				BF69F48E25CF021C007052E4 /* Converters.swift in Sources */,
				BFB3717C25CB35130082F5B1 /* Cistercian_NumeralsApp.swift in Sources */,
			);
			runOnlyForDeploymentPostprocessing = 0;
		};
		BFB3715E25CB35130082F5B1 /* Sources */ = {
			isa = PBXSourcesBuildPhase;
			buildActionMask = 2147483647;
			files = (
				BFA8D74F25D002030065D2E9 /* KeyPad.swift in Sources */,
				BFA8D75625D002350065D2E9 /* KeyPadButton.swift in Sources */,
				BFB3717F25CB35130082F5B1 /* ContentView.swift in Sources */,
				BF69F48F25CF021C007052E4 /* Converters.swift in Sources */,
				BFB3717D25CB35130082F5B1 /* Cistercian_NumeralsApp.swift in Sources */,
			);
			runOnlyForDeploymentPostprocessing = 0;
		};
		BFB3716625CB35130082F5B1 /* Sources */ = {
			isa = PBXSourcesBuildPhase;
			buildActionMask = 2147483647;
			files = (
				BFB3716F25CB35130082F5B1 /* Tests_iOS.swift in Sources */,
			);
			runOnlyForDeploymentPostprocessing = 0;
		};
		BFB3717125CB35130082F5B1 /* Sources */ = {
			isa = PBXSourcesBuildPhase;
			buildActionMask = 2147483647;
			files = (
				BFB3717A25CB35130082F5B1 /* Tests_macOS.swift in Sources */,
			);
			runOnlyForDeploymentPostprocessing = 0;
		};
/* End PBXSourcesBuildPhase section */

/* Begin PBXTargetDependency section */
		BFB3716C25CB35130082F5B1 /* PBXTargetDependency */ = {
			isa = PBXTargetDependency;
			target = BFB3715925CB35130082F5B1 /* Cistercian Numerals (iOS) */;
			targetProxy = BFB3716B25CB35130082F5B1 /* PBXContainerItemProxy */;
		};
		BFB3717725CB35130082F5B1 /* PBXTargetDependency */ = {
			isa = PBXTargetDependency;
			target = BFB3716125CB35130082F5B1 /* Cistercian Numerals (macOS) */;
			targetProxy = BFB3717625CB35130082F5B1 /* PBXContainerItemProxy */;
		};
/* End PBXTargetDependency section */

/* Begin XCBuildConfiguration section */
		BFB3718225CB35130082F5B1 /* Debug */ = {
			isa = XCBuildConfiguration;
			buildSettings = {
				ALWAYS_SEARCH_USER_PATHS = NO;
				CLANG_ANALYZER_NONNULL = YES;
				CLANG_ANALYZER_NUMBER_OBJECT_CONVERSION = YES_AGGRESSIVE;
				CLANG_CXX_LANGUAGE_STANDARD = "gnu++14";
				CLANG_CXX_LIBRARY = "libc++";
				CLANG_ENABLE_MODULES = YES;
				CLANG_ENABLE_OBJC_ARC = YES;
				CLANG_ENABLE_OBJC_WEAK = YES;
				CLANG_WARN_BLOCK_CAPTURE_AUTORELEASING = YES;
				CLANG_WARN_BOOL_CONVERSION = YES;
				CLANG_WARN_COMMA = YES;
				CLANG_WARN_CONSTANT_CONVERSION = YES;
				CLANG_WARN_DEPRECATED_OBJC_IMPLEMENTATIONS = YES;
				CLANG_WARN_DIRECT_OBJC_ISA_USAGE = YES_ERROR;
				CLANG_WARN_DOCUMENTATION_COMMENTS = YES;
				CLANG_WARN_EMPTY_BODY = YES;
				CLANG_WARN_ENUM_CONVERSION = YES;
				CLANG_WARN_INFINITE_RECURSION = YES;
				CLANG_WARN_INT_CONVERSION = YES;
				CLANG_WARN_NON_LITERAL_NULL_CONVERSION = YES;
				CLANG_WARN_OBJC_IMPLICIT_RETAIN_SELF = YES;
				CLANG_WARN_OBJC_LITERAL_CONVERSION = YES;
				CLANG_WARN_OBJC_ROOT_CLASS = YES_ERROR;
				CLANG_WARN_QUOTED_INCLUDE_IN_FRAMEWORK_HEADER = YES;
				CLANG_WARN_RANGE_LOOP_ANALYSIS = YES;
				CLANG_WARN_STRICT_PROTOTYPES = YES;
				CLANG_WARN_SUSPICIOUS_MOVE = YES;
				CLANG_WARN_UNGUARDED_AVAILABILITY = YES_AGGRESSIVE;
				CLANG_WARN_UNREACHABLE_CODE = YES;
				CLANG_WARN__DUPLICATE_METHOD_MATCH = YES;
				COPY_PHASE_STRIP = NO;
				DEBUG_INFORMATION_FORMAT = dwarf;
				ENABLE_STRICT_OBJC_MSGSEND = YES;
				ENABLE_TESTABILITY = YES;
				GCC_C_LANGUAGE_STANDARD = gnu11;
				GCC_DYNAMIC_NO_PIC = NO;
				GCC_NO_COMMON_BLOCKS = YES;
				GCC_OPTIMIZATION_LEVEL = 0;
				GCC_PREPROCESSOR_DEFINITIONS = (
					"DEBUG=1",
					"$(inherited)",
				);
				GCC_WARN_64_TO_32_BIT_CONVERSION = YES;
				GCC_WARN_ABOUT_RETURN_TYPE = YES_ERROR;
				GCC_WARN_UNDECLARED_SELECTOR = YES;
				GCC_WARN_UNINITIALIZED_AUTOS = YES_AGGRESSIVE;
				GCC_WARN_UNUSED_FUNCTION = YES;
				GCC_WARN_UNUSED_VARIABLE = YES;
				MTL_ENABLE_DEBUG_INFO = INCLUDE_SOURCE;
				MTL_FAST_MATH = YES;
				ONLY_ACTIVE_ARCH = YES;
				SWIFT_ACTIVE_COMPILATION_CONDITIONS = DEBUG;
				SWIFT_OPTIMIZATION_LEVEL = "-Onone";
			};
			name = Debug;
		};
		BFB3718325CB35130082F5B1 /* Release */ = {
			isa = XCBuildConfiguration;
			buildSettings = {
				ALWAYS_SEARCH_USER_PATHS = NO;
				CLANG_ANALYZER_NONNULL = YES;
				CLANG_ANALYZER_NUMBER_OBJECT_CONVERSION = YES_AGGRESSIVE;
				CLANG_CXX_LANGUAGE_STANDARD = "gnu++14";
				CLANG_CXX_LIBRARY = "libc++";
				CLANG_ENABLE_MODULES = YES;
				CLANG_ENABLE_OBJC_ARC = YES;
				CLANG_ENABLE_OBJC_WEAK = YES;
				CLANG_WARN_BLOCK_CAPTURE_AUTORELEASING = YES;
				CLANG_WARN_BOOL_CONVERSION = YES;
				CLANG_WARN_COMMA = YES;
				CLANG_WARN_CONSTANT_CONVERSION = YES;
				CLANG_WARN_DEPRECATED_OBJC_IMPLEMENTATIONS = YES;
				CLANG_WARN_DIRECT_OBJC_ISA_USAGE = YES_ERROR;
				CLANG_WARN_DOCUMENTATION_COMMENTS = YES;
				CLANG_WARN_EMPTY_BODY = YES;
				CLANG_WARN_ENUM_CONVERSION = YES;
				CLANG_WARN_INFINITE_RECURSION = YES;
				CLANG_WARN_INT_CONVERSION = YES;
				CLANG_WARN_NON_LITERAL_NULL_CONVERSION = YES;
				CLANG_WARN_OBJC_IMPLICIT_RETAIN_SELF = YES;
				CLANG_WARN_OBJC_LITERAL_CONVERSION = YES;
				CLANG_WARN_OBJC_ROOT_CLASS = YES_ERROR;
				CLANG_WARN_QUOTED_INCLUDE_IN_FRAMEWORK_HEADER = YES;
				CLANG_WARN_RANGE_LOOP_ANALYSIS = YES;
				CLANG_WARN_STRICT_PROTOTYPES = YES;
				CLANG_WARN_SUSPICIOUS_MOVE = YES;
				CLANG_WARN_UNGUARDED_AVAILABILITY = YES_AGGRESSIVE;
				CLANG_WARN_UNREACHABLE_CODE = YES;
				CLANG_WARN__DUPLICATE_METHOD_MATCH = YES;
				COPY_PHASE_STRIP = NO;
				DEBUG_INFORMATION_FORMAT = "dwarf-with-dsym";
				ENABLE_NS_ASSERTIONS = NO;
				ENABLE_STRICT_OBJC_MSGSEND = YES;
				GCC_C_LANGUAGE_STANDARD = gnu11;
				GCC_NO_COMMON_BLOCKS = YES;
				GCC_WARN_64_TO_32_BIT_CONVERSION = YES;
				GCC_WARN_ABOUT_RETURN_TYPE = YES_ERROR;
				GCC_WARN_UNDECLARED_SELECTOR = YES;
				GCC_WARN_UNINITIALIZED_AUTOS = YES_AGGRESSIVE;
				GCC_WARN_UNUSED_FUNCTION = YES;
				GCC_WARN_UNUSED_VARIABLE = YES;
				MTL_ENABLE_DEBUG_INFO = NO;
				MTL_FAST_MATH = YES;
				SWIFT_COMPILATION_MODE = wholemodule;
				SWIFT_OPTIMIZATION_LEVEL = "-O";
			};
			name = Release;
		};
		BFB3718525CB35130082F5B1 /* Debug */ = {
			isa = XCBuildConfiguration;
			buildSettings = {
				ASSETCATALOG_COMPILER_APPICON_NAME = AppIcon;
				ASSETCATALOG_COMPILER_GLOBAL_ACCENT_COLOR_NAME = AccentColor;
				CODE_SIGN_STYLE = Automatic;
				DEVELOPMENT_TEAM = 6E8JQ66NR8;
				ENABLE_PREVIEWS = YES;
				INFOPLIST_FILE = iOS/Info.plist;
				IPHONEOS_DEPLOYMENT_TARGET = 14.0;
				LD_RUNPATH_SEARCH_PATHS = (
					"$(inherited)",
					"@executable_path/Frameworks",
				);
				PRODUCT_BUNDLE_IDENTIFIER = "it.kumo.Cistercian-Numerals";
				PRODUCT_NAME = "Cistercian Numerals";
				SDKROOT = iphoneos;
				SWIFT_VERSION = 5.0;
				TARGETED_DEVICE_FAMILY = "1,2";
			};
			name = Debug;
		};
		BFB3718625CB35130082F5B1 /* Release */ = {
			isa = XCBuildConfiguration;
			buildSettings = {
				ASSETCATALOG_COMPILER_APPICON_NAME = AppIcon;
				ASSETCATALOG_COMPILER_GLOBAL_ACCENT_COLOR_NAME = AccentColor;
				CODE_SIGN_STYLE = Automatic;
				DEVELOPMENT_TEAM = 6E8JQ66NR8;
				ENABLE_PREVIEWS = YES;
				INFOPLIST_FILE = iOS/Info.plist;
				IPHONEOS_DEPLOYMENT_TARGET = 14.0;
				LD_RUNPATH_SEARCH_PATHS = (
					"$(inherited)",
					"@executable_path/Frameworks",
				);
				PRODUCT_BUNDLE_IDENTIFIER = "it.kumo.Cistercian-Numerals";
				PRODUCT_NAME = "Cistercian Numerals";
				SDKROOT = iphoneos;
				SWIFT_VERSION = 5.0;
				TARGETED_DEVICE_FAMILY = "1,2";
				VALIDATE_PRODUCT = YES;
			};
			name = Release;
		};
		BFB3718825CB35130082F5B1 /* Debug */ = {
			isa = XCBuildConfiguration;
			buildSettings = {
				ASSETCATALOG_COMPILER_APPICON_NAME = AppIcon;
				ASSETCATALOG_COMPILER_GLOBAL_ACCENT_COLOR_NAME = AccentColor;
				CODE_SIGN_ENTITLEMENTS = macOS/macOS.entitlements;
				CODE_SIGN_STYLE = Automatic;
				COMBINE_HIDPI_IMAGES = YES;
				DEVELOPMENT_TEAM = 6E8JQ66NR8;
				ENABLE_HARDENED_RUNTIME = YES;
				ENABLE_PREVIEWS = YES;
				INFOPLIST_FILE = macOS/Info.plist;
				LD_RUNPATH_SEARCH_PATHS = (
					"$(inherited)",
					"@executable_path/../Frameworks",
				);
				MACOSX_DEPLOYMENT_TARGET = 11.0;
				PRODUCT_BUNDLE_IDENTIFIER = "it.kumo.Cistercian-Numerals";
				PRODUCT_NAME = "Cistercian Numerals";
				SDKROOT = macosx;
				SWIFT_VERSION = 5.0;
			};
			name = Debug;
		};
		BFB3718925CB35130082F5B1 /* Release */ = {
			isa = XCBuildConfiguration;
			buildSettings = {
				ASSETCATALOG_COMPILER_APPICON_NAME = AppIcon;
				ASSETCATALOG_COMPILER_GLOBAL_ACCENT_COLOR_NAME = AccentColor;
				CODE_SIGN_ENTITLEMENTS = macOS/macOS.entitlements;
				CODE_SIGN_STYLE = Automatic;
				COMBINE_HIDPI_IMAGES = YES;
				DEVELOPMENT_TEAM = 6E8JQ66NR8;
				ENABLE_HARDENED_RUNTIME = YES;
				ENABLE_PREVIEWS = YES;
				INFOPLIST_FILE = macOS/Info.plist;
				LD_RUNPATH_SEARCH_PATHS = (
					"$(inherited)",
					"@executable_path/../Frameworks",
				);
				MACOSX_DEPLOYMENT_TARGET = 11.0;
				PRODUCT_BUNDLE_IDENTIFIER = "it.kumo.Cistercian-Numerals";
				PRODUCT_NAME = "Cistercian Numerals";
				SDKROOT = macosx;
				SWIFT_VERSION = 5.0;
			};
			name = Release;
		};
		BFB3718B25CB35130082F5B1 /* Debug */ = {
			isa = XCBuildConfiguration;
			buildSettings = {
				ALWAYS_EMBED_SWIFT_STANDARD_LIBRARIES = YES;
				CODE_SIGN_STYLE = Automatic;
				DEVELOPMENT_TEAM = 6E8JQ66NR8;
				INFOPLIST_FILE = "Tests iOS/Info.plist";
				IPHONEOS_DEPLOYMENT_TARGET = 14.4;
				LD_RUNPATH_SEARCH_PATHS = (
					"$(inherited)",
					"@executable_path/Frameworks",
					"@loader_path/Frameworks",
				);
				PRODUCT_BUNDLE_IDENTIFIER = "it.kumo.Tests-iOS";
				PRODUCT_NAME = "$(TARGET_NAME)";
				SDKROOT = iphoneos;
				SWIFT_VERSION = 5.0;
				TARGETED_DEVICE_FAMILY = "1,2";
				TEST_TARGET_NAME = "Cistercian Numerals (iOS)";
			};
			name = Debug;
		};
		BFB3718C25CB35130082F5B1 /* Release */ = {
			isa = XCBuildConfiguration;
			buildSettings = {
				ALWAYS_EMBED_SWIFT_STANDARD_LIBRARIES = YES;
				CODE_SIGN_STYLE = Automatic;
				DEVELOPMENT_TEAM = 6E8JQ66NR8;
				INFOPLIST_FILE = "Tests iOS/Info.plist";
				IPHONEOS_DEPLOYMENT_TARGET = 14.4;
				LD_RUNPATH_SEARCH_PATHS = (
					"$(inherited)",
					"@executable_path/Frameworks",
					"@loader_path/Frameworks",
				);
				PRODUCT_BUNDLE_IDENTIFIER = "it.kumo.Tests-iOS";
				PRODUCT_NAME = "$(TARGET_NAME)";
				SDKROOT = iphoneos;
				SWIFT_VERSION = 5.0;
				TARGETED_DEVICE_FAMILY = "1,2";
				TEST_TARGET_NAME = "Cistercian Numerals (iOS)";
				VALIDATE_PRODUCT = YES;
			};
			name = Release;
		};
		BFB3718E25CB35130082F5B1 /* Debug */ = {
			isa = XCBuildConfiguration;
			buildSettings = {
				ALWAYS_EMBED_SWIFT_STANDARD_LIBRARIES = YES;
				CODE_SIGN_STYLE = Automatic;
				COMBINE_HIDPI_IMAGES = YES;
				DEVELOPMENT_TEAM = 6E8JQ66NR8;
				INFOPLIST_FILE = "Tests macOS/Info.plist";
				LD_RUNPATH_SEARCH_PATHS = (
					"$(inherited)",
					"@executable_path/../Frameworks",
					"@loader_path/../Frameworks",
				);
				MACOSX_DEPLOYMENT_TARGET = 11.1;
				PRODUCT_BUNDLE_IDENTIFIER = "it.kumo.Tests-macOS";
				PRODUCT_NAME = "$(TARGET_NAME)";
				SDKROOT = macosx;
				SWIFT_VERSION = 5.0;
				TEST_TARGET_NAME = "Cistercian Numerals (macOS)";
			};
			name = Debug;
		};
		BFB3718F25CB35130082F5B1 /* Release */ = {
			isa = XCBuildConfiguration;
			buildSettings = {
				ALWAYS_EMBED_SWIFT_STANDARD_LIBRARIES = YES;
				CODE_SIGN_STYLE = Automatic;
				COMBINE_HIDPI_IMAGES = YES;
				DEVELOPMENT_TEAM = 6E8JQ66NR8;
				INFOPLIST_FILE = "Tests macOS/Info.plist";
				LD_RUNPATH_SEARCH_PATHS = (
					"$(inherited)",
					"@executable_path/../Frameworks",
					"@loader_path/../Frameworks",
				);
				MACOSX_DEPLOYMENT_TARGET = 11.1;
				PRODUCT_BUNDLE_IDENTIFIER = "it.kumo.Tests-macOS";
				PRODUCT_NAME = "$(TARGET_NAME)";
				SDKROOT = macosx;
				SWIFT_VERSION = 5.0;
				TEST_TARGET_NAME = "Cistercian Numerals (macOS)";
			};
			name = Release;
		};
/* End XCBuildConfiguration section */

/* Begin XCConfigurationList section */
		BFB3715125CB35110082F5B1 /* Build configuration list for PBXProject "Cistercian Numerals" */ = {
			isa = XCConfigurationList;
			buildConfigurations = (
				BFB3718225CB35130082F5B1 /* Debug */,
				BFB3718325CB35130082F5B1 /* Release */,
			);
			defaultConfigurationIsVisible = 0;
			defaultConfigurationName = Release;
		};
		BFB3718425CB35130082F5B1 /* Build configuration list for PBXNativeTarget "Cistercian Numerals (iOS)" */ = {
			isa = XCConfigurationList;
			buildConfigurations = (
				BFB3718525CB35130082F5B1 /* Debug */,
				BFB3718625CB35130082F5B1 /* Release */,
			);
			defaultConfigurationIsVisible = 0;
			defaultConfigurationName = Release;
		};
		BFB3718725CB35130082F5B1 /* Build configuration list for PBXNativeTarget "Cistercian Numerals (macOS)" */ = {
			isa = XCConfigurationList;
			buildConfigurations = (
				BFB3718825CB35130082F5B1 /* Debug */,
				BFB3718925CB35130082F5B1 /* Release */,
			);
			defaultConfigurationIsVisible = 0;
			defaultConfigurationName = Release;
		};
		BFB3718A25CB35130082F5B1 /* Build configuration list for PBXNativeTarget "Tests iOS" */ = {
			isa = XCConfigurationList;
			buildConfigurations = (
				BFB3718B25CB35130082F5B1 /* Debug */,
				BFB3718C25CB35130082F5B1 /* Release */,
			);
			defaultConfigurationIsVisible = 0;
			defaultConfigurationName = Release;
		};
		BFB3718D25CB35130082F5B1 /* Build configuration list for PBXNativeTarget "Tests macOS" */ = {
			isa = XCConfigurationList;
			buildConfigurations = (
				BFB3718E25CB35130082F5B1 /* Debug */,
				BFB3718F25CB35130082F5B1 /* Release */,
			);
			defaultConfigurationIsVisible = 0;
			defaultConfigurationName = Release;
		};
/* End XCConfigurationList section */
	};
	rootObject = BFB3714E25CB35110082F5B1 /* Project object */;
}
